
Microsoft Visual Studio Solution File, Format Version 11.00
# Visual Studio 2010
Project("{FAE04EC0-301F-11D3-BF4B-00C04F79EFBC}") = "ClientLauncher", "ClientLauncher\ClientLauncher.csproj", "{33107979-B071-4154-95C0-FE3A0B24AEF2}"
EndProject
Project("{54435603-DBB4-11D2-8724-00A0C9A8B90C}") = "SWGANH Launcher", "SWGANH Launcher\SWGANH Launcher.vdproj", "{13E7A159-D354-4805-8796-0BF606039CDA}"
EndProject
Global
	GlobalSection(SolutionConfigurationPlatforms) = preSolution
		Debug|Any CPU = Debug|Any CPU
		Release|Any CPU = Release|Any CPU
	EndGlobalSection
	GlobalSection(ProjectConfigurationPlatforms) = postSolution
		{33107979-B071-4154-95C0-FE3A0B24AEF2}.Debug|Any CPU.ActiveCfg = Debug|Any CPU
		{33107979-B071-4154-95C0-FE3A0B24AEF2}.Debug|Any CPU.Build.0 = Debug|Any CPU
		{33107979-B071-4154-95C0-FE3A0B24AEF2}.Release|Any CPU.ActiveCfg = Release|Any CPU
		{33107979-B071-4154-95C0-FE3A0B24AEF2}.Release|Any CPU.Build.0 = Release|Any CPU
		{13E7A159-D354-4805-8796-0BF606039CDA}.Debug|Any CPU.ActiveCfg = Debug
		{13E7A159-D354-4805-8796-0BF606039CDA}.Release|Any CPU.ActiveCfg = Release
	EndGlobalSection
	GlobalSection(SolutionProperties) = preSolution
		HideSolutionNode = FALSE
	EndGlobalSection
EndGlobal
